# THIS IS AN AUTOGENERATED FILE. DO NOT EDIT THIS FILE DIRECTLY.
# yarn lockfile v1


"@mongodb-js/saslprep@^1.1.5":
  version "1.1.8"
  resolved "https://registry.npmjs.org/@mongodb-js/saslprep/-/saslprep-1.1.8.tgz"
  integrity sha512-qKwC/M/nNNaKUBMQ0nuzm47b7ZYWQHN3pcXq4IIcoSBc2hOIrflAxJduIvvqmhoz3gR2TacTAs8vlsCVPkiEdQ==
  dependencies:
    sparse-bitfield "^3.0.3"

"@types/dotenv@^4.0.0":
  version "4.0.3"
  resolved "https://registry.npmjs.org/@types/dotenv/-/dotenv-4.0.3.tgz"
  dependencies:
    "@types/node" "*"

"@types/node@*":
  version "10.9.4"
  resolved "https://registry.npmjs.org/@types/node/-/node-10.9.4.tgz"

"@types/webidl-conversions@*":
  version "7.0.3"
  resolved "https://registry.npmjs.org/@types/webidl-conversions/-/webidl-conversions-7.0.3.tgz"
  integrity sha512-CiJJvcRtIgzadHCYXw7dqEnMNRjhGZlYK05Mj9OyktqV8uVT8fD2BFOB7S1uwBE3Kj2Z+4UyPmFw/Ixgw/LAlA==

"@types/whatwg-url@^11.0.2":
  version "11.0.5"
  resolved "https://registry.npmjs.org/@types/whatwg-url/-/whatwg-url-11.0.5.tgz"
  integrity sha512-coYR071JRaHa+xoEvvYqvnIHaVqaYrLPbsufM9BF63HkwI5Lgmy2QR8Q5K/lYDYo5AK82wOvSOS0UsLTpTG7uQ==
  dependencies:
    "@types/webidl-conversions" "*"

accepts@~1.3.5:
  version "1.3.5"
  resolved "https://registry.npmjs.org/accepts/-/accepts-1.3.5.tgz"
  dependencies:
    mime-types "~2.1.18"
    negotiator "0.6.1"

amdefine@>=0.0.4:
  version "1.0.1"
  resolved "https://registry.npmjs.org/amdefine/-/amdefine-1.0.1.tgz"

ansi-styles@^3.2.1:
  version "3.2.1"
  resolved "https://registry.npmjs.org/ansi-styles/-/ansi-styles-3.2.1.tgz"
  dependencies:
    color-convert "^1.9.0"

ansicolors@~0.3.2:
  version "0.3.2"
  resolved "https://registry.npmjs.org/ansicolors/-/ansicolors-0.3.2.tgz"

array-find-index@^1.0.1:
  version "1.0.2"
  resolved "https://registry.npmjs.org/array-find-index/-/array-find-index-1.0.2.tgz"

array-flatten@1.1.1:
  version "1.1.1"
  resolved "https://registry.npmjs.org/array-flatten/-/array-flatten-1.1.1.tgz"

async@~0.2.6:
  version "0.2.10"
  resolved "https://registry.npmjs.org/async/-/async-0.2.10.tgz"

auto-parse@^1.3.0:
  version "1.5.1"
  resolved "https://registry.npmjs.org/auto-parse/-/auto-parse-1.5.1.tgz"
  dependencies:
    typpy "^2.3.10"

balanced-match@^1.0.0:
  version "1.0.0"
  resolved "https://registry.npmjs.org/balanced-match/-/balanced-match-1.0.0.tgz"

body-parser@1.18.2:
  version "1.18.2"
  resolved "https://registry.npmjs.org/body-parser/-/body-parser-1.18.2.tgz"
  dependencies:
    bytes "3.0.0"
    content-type "~1.0.4"
    debug "2.6.9"
    depd "~1.1.1"
    http-errors "~1.6.2"
    iconv-lite "0.4.19"
    on-finished "~2.3.0"
    qs "6.5.1"
    raw-body "2.3.2"
    type-is "~1.6.15"

body-parser@~1.0.0:
  version "1.0.2"
  resolved "https://registry.npmjs.org/body-parser/-/body-parser-1.0.2.tgz"
  dependencies:
    qs "~0.6.6"
    raw-body "~1.1.2"
    type-is "~1.1.0"

brace-expansion@^1.1.7:
  version "1.1.11"
  resolved "https://registry.npmjs.org/brace-expansion/-/brace-expansion-1.1.11.tgz"
  dependencies:
    balanced-match "^1.0.0"
    concat-map "0.0.1"

bson@^6.7.0:
  version "6.8.0"
  resolved "https://registry.npmjs.org/bson/-/bson-6.8.0.tgz"
  integrity sha512-iOJg8pr7wq2tg/zSlCCHMi3hMm5JTOxLTagf3zxhcenHsFp+c6uOs6K7W5UE7A4QIJGtqh/ZovFNMP4mOPJynQ==

builtin-modules@^1.0.0:
  version "1.1.1"
  resolved "https://registry.npmjs.org/builtin-modules/-/builtin-modules-1.1.1.tgz"

bytes@0.3.0:
  version "0.3.0"
  resolved "https://registry.npmjs.org/bytes/-/bytes-0.3.0.tgz"

bytes@1:
  version "1.0.0"
  resolved "https://registry.npmjs.org/bytes/-/bytes-1.0.0.tgz"

bytes@3.0.0:
  version "3.0.0"
  resolved "https://registry.npmjs.org/bytes/-/bytes-3.0.0.tgz"

camelcase-keys@^2.0.0:
  version "2.1.0"
  resolved "https://registry.npmjs.org/camelcase-keys/-/camelcase-keys-2.1.0.tgz"
  dependencies:
    camelcase "^2.0.0"
    map-obj "^1.0.0"

camelcase@5.0.0:
  version "5.0.0"
  resolved "https://registry.npmjs.org/camelcase/-/camelcase-5.0.0.tgz"

camelcase@^1.0.2:
  version "1.2.1"
  resolved "https://registry.npmjs.org/camelcase/-/camelcase-1.2.1.tgz"

camelcase@^2.0.0:
  version "2.1.1"
  resolved "https://registry.npmjs.org/camelcase/-/camelcase-2.1.1.tgz"

cardinal@^2.1.1:
  version "2.1.1"
  resolved "https://registry.npmjs.org/cardinal/-/cardinal-2.1.1.tgz"
  dependencies:
    ansicolors "~0.3.2"
    redeyed "~2.1.0"

chalk@^2.4.1:
  version "2.4.1"
  resolved "https://registry.npmjs.org/chalk/-/chalk-2.4.1.tgz"
  dependencies:
    ansi-styles "^3.2.1"
    escape-string-regexp "^1.0.5"
    supports-color "^5.3.0"

character-parser@1.2.0:
  version "1.2.0"
  resolved "https://registry.npmjs.org/character-parser/-/character-parser-1.2.0.tgz"

cli-table@^0.3.1:
  version "0.3.1"
  resolved "https://registry.npmjs.org/cli-table/-/cli-table-0.3.1.tgz"
  dependencies:
    colors "1.0.3"

cli-usage@^0.1.1:
  version "0.1.8"
  resolved "https://registry.npmjs.org/cli-usage/-/cli-usage-0.1.8.tgz"
  dependencies:
    marked "^0.5.0"
    marked-terminal "^3.0.0"

color-convert@^1.9.0:
  version "1.9.3"
  resolved "https://registry.npmjs.org/color-convert/-/color-convert-1.9.3.tgz"
  dependencies:
    color-name "1.1.3"

color-name@1.1.3:
  version "1.1.3"
  resolved "https://registry.npmjs.org/color-name/-/color-name-1.1.3.tgz"

colors@1.0.3:
  version "1.0.3"
  resolved "https://registry.npmjs.org/colors/-/colors-1.0.3.tgz"

commander@2.1.0:
  version "2.1.0"
  resolved "http://registry.npmjs.org/commander/-/commander-2.1.0.tgz"

concat-map@0.0.1:
  version "0.0.1"
  resolved "https://registry.npmjs.org/concat-map/-/concat-map-0.0.1.tgz"

constantinople@~2.0.0:
  version "2.0.1"
  resolved "https://registry.npmjs.org/constantinople/-/constantinople-2.0.1.tgz"
  dependencies:
    uglify-js "~2.4.0"

content-disposition@0.5.2:
  version "0.5.2"
  resolved "https://registry.npmjs.org/content-disposition/-/content-disposition-0.5.2.tgz"

content-type@~1.0.4:
  version "1.0.4"
  resolved "https://registry.npmjs.org/content-type/-/content-type-1.0.4.tgz"

cookie-parser@~1.0.1:
  version "1.0.1"
  resolved "https://registry.npmjs.org/cookie-parser/-/cookie-parser-1.0.1.tgz"
  dependencies:
    cookie "0.1.0"
    cookie-signature "1.0.3"

cookie-signature@1.0.3:
  version "1.0.3"
  resolved "https://registry.npmjs.org/cookie-signature/-/cookie-signature-1.0.3.tgz"

cookie-signature@1.0.6:
  version "1.0.6"
  resolved "https://registry.npmjs.org/cookie-signature/-/cookie-signature-1.0.6.tgz"

cookie@0.1.0:
  version "0.1.0"
  resolved "https://registry.npmjs.org/cookie/-/cookie-0.1.0.tgz"

cookie@0.3.1:
  version "0.3.1"
  resolved "https://registry.npmjs.org/cookie/-/cookie-0.3.1.tgz"

cors@^2.8.4:
  version "2.8.4"
  resolved "https://registry.npmjs.org/cors/-/cors-2.8.4.tgz"
  dependencies:
    object-assign "^4"
    vary "^1"

cross-spawn@6.0.5:
  version "6.0.5"
  resolved "https://registry.npmjs.org/cross-spawn/-/cross-spawn-6.0.5.tgz"
  dependencies:
    nice-try "^1.0.4"
    path-key "^2.0.1"
    semver "^5.5.0"
    shebang-command "^1.2.0"
    which "^1.2.9"

css-parse@1.0.4:
  version "1.0.4"
  resolved "https://registry.npmjs.org/css-parse/-/css-parse-1.0.4.tgz"

css-stringify@1.0.5:
  version "1.0.5"
  resolved "https://registry.npmjs.org/css-stringify/-/css-stringify-1.0.5.tgz"

css@~1.0.8:
  version "1.0.8"
  resolved "http://registry.npmjs.org/css/-/css-1.0.8.tgz"
  dependencies:
    css-parse "1.0.4"
    css-stringify "1.0.5"

currently-unhandled@^0.4.1:
  version "0.4.1"
  resolved "https://registry.npmjs.org/currently-unhandled/-/currently-unhandled-0.4.1.tgz"
  dependencies:
    array-find-index "^1.0.1"

dateformat@~1.0.4-1.2.3:
  version "1.0.12"
  resolved "https://registry.npmjs.org/dateformat/-/dateformat-1.0.12.tgz"
  dependencies:
    get-stdin "^4.0.1"
    meow "^3.3.0"

debounce@^1.0.0:
  version "1.2.0"
  resolved "https://registry.npmjs.org/debounce/-/debounce-1.2.0.tgz"

debug@2.6.9:
  version "2.6.9"
  resolved "https://registry.npmjs.org/debug/-/debug-2.6.9.tgz"
  dependencies:
    ms "2.0.0"

debug@4.x:
  version "4.3.6"
  resolved "https://registry.npmjs.org/debug/-/debug-4.3.6.tgz"
  integrity sha512-O/09Bd4Z1fBrU4VzkhFqVgpPzaGbw6Sm9FEkBT1A/YBXQFGuuSxa1dN2nxgxS34JmKXqYx8CZAwEVoJFImUXIg==
  dependencies:
    ms "2.1.2"

debug@~0.7.4:
  version "0.7.4"
  resolved "http://registry.npmjs.org/debug/-/debug-0.7.4.tgz"

decamelize@^1.0.0, decamelize@^1.1.2:
  version "1.2.0"
  resolved "https://registry.npmjs.org/decamelize/-/decamelize-1.2.0.tgz"

depd@1.1.1:
  version "1.1.1"
  resolved "https://registry.npmjs.org/depd/-/depd-1.1.1.tgz"

depd@~1.1.1, depd@~1.1.2:
  version "1.1.2"
  resolved "https://registry.npmjs.org/depd/-/depd-1.1.2.tgz"

destroy@~1.0.4:
  version "1.0.4"
  resolved "https://registry.npmjs.org/destroy/-/destroy-1.0.4.tgz"

dotenv-extended@^2.3.0:
  version "2.3.0"
  resolved "https://registry.npmjs.org/dotenv-extended/-/dotenv-extended-2.3.0.tgz"
  dependencies:
    "@types/dotenv" "^4.0.0"
    auto-parse "^1.3.0"
    camelcase "5.0.0"
    cross-spawn "6.0.5"
    dotenv "6.0.0"
    is-windows "^1.0.0"
    lodash "^4.17.10"

dotenv@6.0.0:
  version "6.0.0"
  resolved "https://registry.npmjs.org/dotenv/-/dotenv-6.0.0.tgz"

dynamic-dedupe@^0.2.0:
  version "0.2.0"
  resolved "https://registry.npmjs.org/dynamic-dedupe/-/dynamic-dedupe-0.2.0.tgz"
  dependencies:
    xtend "~2.0.6"

ee-first@1.1.1:
  version "1.1.1"
  resolved "https://registry.npmjs.org/ee-first/-/ee-first-1.1.1.tgz"

encodeurl@~1.0.2:
  version "1.0.2"
  resolved "https://registry.npmjs.org/encodeurl/-/encodeurl-1.0.2.tgz"

error-ex@^1.2.0:
  version "1.3.2"
  resolved "https://registry.npmjs.org/error-ex/-/error-ex-1.3.2.tgz"
  dependencies:
    is-arrayish "^0.2.1"

escape-html@~1.0.3:
  version "1.0.3"
  resolved "https://registry.npmjs.org/escape-html/-/escape-html-1.0.3.tgz"

escape-string-regexp@^1.0.5:
  version "1.0.5"
  resolved "https://registry.npmjs.org/escape-string-regexp/-/escape-string-regexp-1.0.5.tgz"

esprima@~4.0.0:
  version "4.0.1"
  resolved "https://registry.npmjs.org/esprima/-/esprima-4.0.1.tgz"

etag@~1.8.1:
  version "1.8.1"
  resolved "https://registry.npmjs.org/etag/-/etag-1.8.1.tgz"

express@^4.16.3:
  version "4.16.3"
  resolved "http://registry.npmjs.org/express/-/express-4.16.3.tgz"
  dependencies:
    accepts "~1.3.5"
    array-flatten "1.1.1"
    body-parser "1.18.2"
    content-disposition "0.5.2"
    content-type "~1.0.4"
    cookie "0.3.1"
    cookie-signature "1.0.6"
    debug "2.6.9"
    depd "~1.1.2"
    encodeurl "~1.0.2"
    escape-html "~1.0.3"
    etag "~1.8.1"
    finalhandler "1.1.1"
    fresh "0.5.2"
    merge-descriptors "1.0.1"
    methods "~1.1.2"
    on-finished "~2.3.0"
    parseurl "~1.3.2"
    path-to-regexp "0.1.7"
    proxy-addr "~2.0.3"
    qs "6.5.1"
    range-parser "~1.2.0"
    safe-buffer "5.1.1"
    send "0.16.2"
    serve-static "1.13.2"
    setprototypeof "1.1.0"
    statuses "~1.4.0"
    type-is "~1.6.16"
    utils-merge "1.0.1"
    vary "~1.1.2"

filewatcher@~3.0.0:
  version "3.0.1"
  resolved "https://registry.npmjs.org/filewatcher/-/filewatcher-3.0.1.tgz"
  dependencies:
    debounce "^1.0.0"

finalhandler@1.1.1:
  version "1.1.1"
  resolved "https://registry.npmjs.org/finalhandler/-/finalhandler-1.1.1.tgz"
  dependencies:
    debug "2.6.9"
    encodeurl "~1.0.2"
    escape-html "~1.0.3"
    on-finished "~2.3.0"
    parseurl "~1.3.2"
    statuses "~1.4.0"
    unpipe "~1.0.0"

find-up@^1.0.0:
  version "1.1.2"
  resolved "https://registry.npmjs.org/find-up/-/find-up-1.1.2.tgz"
  dependencies:
    path-exists "^2.0.0"
    pinkie-promise "^2.0.0"

foreach@~2.0.1:
  version "2.0.5"
  resolved "https://registry.npmjs.org/foreach/-/foreach-2.0.5.tgz"

forwarded@~0.1.2:
  version "0.1.2"
  resolved "https://registry.npmjs.org/forwarded/-/forwarded-0.1.2.tgz"

fresh@0.5.2:
  version "0.5.2"
  resolved "https://registry.npmjs.org/fresh/-/fresh-0.5.2.tgz"

function.name@^1.0.3:
  version "1.0.11"
  resolved "https://registry.npmjs.org/function.name/-/function.name-1.0.11.tgz"
  dependencies:
    noop6 "^1.0.1"

get-stdin@^4.0.1:
  version "4.0.1"
  resolved "https://registry.npmjs.org/get-stdin/-/get-stdin-4.0.1.tgz"

graceful-fs@^4.1.2:
  version "4.1.11"
  resolved "https://registry.npmjs.org/graceful-fs/-/graceful-fs-4.1.11.tgz"

growly@^1.2.0:
  version "1.3.0"
  resolved "https://registry.npmjs.org/growly/-/growly-1.3.0.tgz"

has-flag@^3.0.0:
  version "3.0.0"
  resolved "https://registry.npmjs.org/has-flag/-/has-flag-3.0.0.tgz"

hosted-git-info@^2.1.4:
  version "2.7.1"
  resolved "https://registry.npmjs.org/hosted-git-info/-/hosted-git-info-2.7.1.tgz"

http-errors@1.6.2:
  version "1.6.2"
  resolved "https://registry.npmjs.org/http-errors/-/http-errors-1.6.2.tgz"
  dependencies:
    depd "1.1.1"
    inherits "2.0.3"
    setprototypeof "1.0.3"
    statuses ">= 1.3.1 < 2"

http-errors@~1.6.2:
  version "1.6.3"
  resolved "http://registry.npmjs.org/http-errors/-/http-errors-1.6.3.tgz"
  dependencies:
    depd "~1.1.2"
    inherits "2.0.3"
    setprototypeof "1.1.0"
    statuses ">= 1.4.0 < 2"

iconv-lite@0.4.19:
  version "0.4.19"
  resolved "https://registry.npmjs.org/iconv-lite/-/iconv-lite-0.4.19.tgz"

indent-string@^2.1.0:
  version "2.1.0"
  resolved "https://registry.npmjs.org/indent-string/-/indent-string-2.1.0.tgz"
  dependencies:
    repeating "^2.0.0"

indexof@~0.0.1:
  version "0.0.1"
  resolved "https://registry.npmjs.org/indexof/-/indexof-0.0.1.tgz"

inherits@2.0.3:
  version "2.0.3"
  resolved "https://registry.npmjs.org/inherits/-/inherits-2.0.3.tgz"

ipaddr.js@1.8.0:
  version "1.8.0"
  resolved "https://registry.npmjs.org/ipaddr.js/-/ipaddr.js-1.8.0.tgz"

is-arrayish@^0.2.1:
  version "0.2.1"
  resolved "https://registry.npmjs.org/is-arrayish/-/is-arrayish-0.2.1.tgz"

is-builtin-module@^1.0.0:
  version "1.0.0"
  resolved "https://registry.npmjs.org/is-builtin-module/-/is-builtin-module-1.0.0.tgz"
  dependencies:
    builtin-modules "^1.0.0"

is-finite@^1.0.0:
  version "1.0.2"
  resolved "https://registry.npmjs.org/is-finite/-/is-finite-1.0.2.tgz"
  dependencies:
    number-is-nan "^1.0.0"

is-object@~0.1.2:
  version "0.1.2"
  resolved "https://registry.npmjs.org/is-object/-/is-object-0.1.2.tgz"

is-promise@~1:
  version "1.0.1"
  resolved "https://registry.npmjs.org/is-promise/-/is-promise-1.0.1.tgz"

is-utf8@^0.2.0:
  version "0.2.1"
  resolved "https://registry.npmjs.org/is-utf8/-/is-utf8-0.2.1.tgz"

is-windows@^1.0.0:
  version "1.0.2"
  resolved "https://registry.npmjs.org/is-windows/-/is-windows-1.0.2.tgz"

is@~0.2.6:
  version "0.2.7"
  resolved "http://registry.npmjs.org/is/-/is-0.2.7.tgz"

isexe@^2.0.0:
  version "2.0.0"
  resolved "https://registry.npmjs.org/isexe/-/isexe-2.0.0.tgz"

jade@~1.3.0:
  version "1.3.1"
  resolved "https://registry.npmjs.org/jade/-/jade-1.3.1.tgz"
  dependencies:
    character-parser "1.2.0"
    commander "2.1.0"
    constantinople "~2.0.0"
    mkdirp "~0.3.5"
    monocle "1.1.51"
    transformers "2.1.0"
    with "~3.0.0"

kareem@2.6.3:
  version "2.6.3"
  resolved "https://registry.npmjs.org/kareem/-/kareem-2.6.3.tgz"
  integrity sha512-C3iHfuGUXK2u8/ipq9LfjFfXFxAZMQJJq7vLS45r3D9Y2xQ/m4S8zaR4zMLFWh9AsNPXmcFfUDhTEO8UIC/V6Q==

load-json-file@^1.0.0:
  version "1.1.0"
  resolved "https://registry.npmjs.org/load-json-file/-/load-json-file-1.1.0.tgz"
  dependencies:
    graceful-fs "^4.1.2"
    parse-json "^2.2.0"
    pify "^2.0.0"
    pinkie-promise "^2.0.0"
    strip-bom "^2.0.0"

lodash._arraycopy@^3.0.0:
  version "3.0.0"
  resolved "https://registry.npmjs.org/lodash._arraycopy/-/lodash._arraycopy-3.0.0.tgz"

lodash._arrayeach@^3.0.0:
  version "3.0.0"
  resolved "https://registry.npmjs.org/lodash._arrayeach/-/lodash._arrayeach-3.0.0.tgz"

lodash._baseassign@^3.0.0:
  version "3.2.0"
  resolved "https://registry.npmjs.org/lodash._baseassign/-/lodash._baseassign-3.2.0.tgz"
  dependencies:
    lodash._basecopy "^3.0.0"
    lodash.keys "^3.0.0"

lodash._baseclone@^3.0.0:
  version "3.3.0"
  resolved "https://registry.npmjs.org/lodash._baseclone/-/lodash._baseclone-3.3.0.tgz"
  dependencies:
    lodash._arraycopy "^3.0.0"
    lodash._arrayeach "^3.0.0"
    lodash._baseassign "^3.0.0"
    lodash._basefor "^3.0.0"
    lodash.isarray "^3.0.0"
    lodash.keys "^3.0.0"

lodash._basecopy@^3.0.0:
  version "3.0.1"
  resolved "https://registry.npmjs.org/lodash._basecopy/-/lodash._basecopy-3.0.1.tgz"

lodash._basefor@^3.0.0:
  version "3.0.3"
  resolved "https://registry.npmjs.org/lodash._basefor/-/lodash._basefor-3.0.3.tgz"

lodash._bindcallback@^3.0.0:
  version "3.0.1"
  resolved "https://registry.npmjs.org/lodash._bindcallback/-/lodash._bindcallback-3.0.1.tgz"

lodash._getnative@^3.0.0:
  version "3.9.1"
  resolved "https://registry.npmjs.org/lodash._getnative/-/lodash._getnative-3.9.1.tgz"

lodash.assign@^4.2.0:
  version "4.2.0"
  resolved "https://registry.npmjs.org/lodash.assign/-/lodash.assign-4.2.0.tgz"

lodash.clonedeep@^3.0.0:
  version "3.0.2"
  resolved "https://registry.npmjs.org/lodash.clonedeep/-/lodash.clonedeep-3.0.2.tgz"
  dependencies:
    lodash._baseclone "^3.0.0"
    lodash._bindcallback "^3.0.0"

lodash.isarguments@^3.0.0:
  version "3.1.0"
  resolved "https://registry.npmjs.org/lodash.isarguments/-/lodash.isarguments-3.1.0.tgz"

lodash.isarray@^3.0.0:
  version "3.0.4"
  resolved "https://registry.npmjs.org/lodash.isarray/-/lodash.isarray-3.0.4.tgz"

lodash.keys@^3.0.0:
  version "3.1.2"
  resolved "https://registry.npmjs.org/lodash.keys/-/lodash.keys-3.1.2.tgz"
  dependencies:
    lodash._getnative "^3.0.0"
    lodash.isarguments "^3.0.0"
    lodash.isarray "^3.0.0"

lodash.toarray@^4.4.0:
  version "4.4.0"
  resolved "https://registry.npmjs.org/lodash.toarray/-/lodash.toarray-4.4.0.tgz"

lodash@^4.17.10:
  version "4.17.11"
  resolved "https://registry.npmjs.org/lodash/-/lodash-4.17.11.tgz"

loud-rejection@^1.0.0:
  version "1.6.0"
  resolved "https://registry.npmjs.org/loud-rejection/-/loud-rejection-1.6.0.tgz"
  dependencies:
    currently-unhandled "^0.4.1"
    signal-exit "^3.0.0"

map-obj@^1.0.0, map-obj@^1.0.1:
  version "1.0.1"
  resolved "https://registry.npmjs.org/map-obj/-/map-obj-1.0.1.tgz"

marked-terminal@^3.0.0:
  version "3.1.1"
  resolved "https://registry.npmjs.org/marked-terminal/-/marked-terminal-3.1.1.tgz"
  dependencies:
    cardinal "^2.1.1"
    chalk "^2.4.1"
    cli-table "^0.3.1"
    lodash.assign "^4.2.0"
    node-emoji "^1.4.1"

marked@^0.5.0:
  version "0.5.0"
  resolved "https://registry.npmjs.org/marked/-/marked-0.5.0.tgz"

media-typer@0.3.0:
  version "0.3.0"
  resolved "https://registry.npmjs.org/media-typer/-/media-typer-0.3.0.tgz"

memory-pager@^1.0.2:
  version "1.5.0"
  resolved "https://registry.npmjs.org/memory-pager/-/memory-pager-1.5.0.tgz"
  integrity sha512-ZS4Bp4r/Zoeq6+NLJpP+0Zzm0pR8whtGPf1XExKLJBAczGMnSi3It14OiNCStjQjM6NU1okjQGSxgEZN8eBYKg==

meow@^3.3.0:
  version "3.7.0"
  resolved "https://registry.npmjs.org/meow/-/meow-3.7.0.tgz"
  dependencies:
    camelcase-keys "^2.0.0"
    decamelize "^1.1.2"
    loud-rejection "^1.0.0"
    map-obj "^1.0.1"
    minimist "^1.1.3"
    normalize-package-data "^2.3.4"
    object-assign "^4.0.1"
    read-pkg-up "^1.0.1"
    redent "^1.0.0"
    trim-newlines "^1.0.0"

merge-descriptors@1.0.1:
  version "1.0.1"
  resolved "https://registry.npmjs.org/merge-descriptors/-/merge-descriptors-1.0.1.tgz"

methods@~1.1.2:
  version "1.1.2"
  resolved "https://registry.npmjs.org/methods/-/methods-1.1.2.tgz"

mime-db@~1.36.0:
  version "1.36.0"
  resolved "https://registry.npmjs.org/mime-db/-/mime-db-1.36.0.tgz"

mime-types@~2.1.18:
  version "2.1.20"
  resolved "https://registry.npmjs.org/mime-types/-/mime-types-2.1.20.tgz"
  dependencies:
    mime-db "~1.36.0"

mime@1.4.1:
  version "1.4.1"
  resolved "https://registry.npmjs.org/mime/-/mime-1.4.1.tgz"

mime@~1.2.11:
  version "1.2.11"
  resolved "https://registry.npmjs.org/mime/-/mime-1.2.11.tgz"

minimatch@>=0.2.4:
  version "3.0.4"
  resolved "https://registry.npmjs.org/minimatch/-/minimatch-3.0.4.tgz"
  dependencies:
    brace-expansion "^1.1.7"

minimist@^1.1.1, minimist@^1.1.3:
  version "1.2.0"
  resolved "http://registry.npmjs.org/minimist/-/minimist-1.2.0.tgz"

mkdirp@~0.3.5:
  version "0.3.5"
  resolved "http://registry.npmjs.org/mkdirp/-/mkdirp-0.3.5.tgz"

mongodb-connection-string-url@^3.0.0:
  version "3.0.1"
  resolved "https://registry.npmjs.org/mongodb-connection-string-url/-/mongodb-connection-string-url-3.0.1.tgz"
  integrity sha512-XqMGwRX0Lgn05TDB4PyG2h2kKO/FfWJyCzYQbIhXUxz7ETt0I/FqHjUeqj37irJ+Dl1ZtU82uYyj14u2XsZKfg==
  dependencies:
    "@types/whatwg-url" "^11.0.2"
    whatwg-url "^13.0.0"

mongodb@6.7.0:
  version "6.7.0"
  resolved "https://registry.npmjs.org/mongodb/-/mongodb-6.7.0.tgz"
  integrity sha512-TMKyHdtMcO0fYBNORiYdmM25ijsHs+Njs963r4Tro4OQZzqYigAzYQouwWRg4OIaiLRUEGUh/1UAcH5lxdSLIA==
  dependencies:
    "@mongodb-js/saslprep" "^1.1.5"
    bson "^6.7.0"
    mongodb-connection-string-url "^3.0.0"

mongoose@^8.5.2:
  version "8.5.2"
  resolved "https://registry.npmjs.org/mongoose/-/mongoose-8.5.2.tgz"
  integrity sha512-GZB4rHMdYfGatV+23IpCrqFbyCOjCNOHXgWbirr92KRwTEncBrtW3kgU9vmpKjsGf7nMmnAy06SwWUv1vhDkSg==
  dependencies:
    bson "^6.7.0"
    kareem "2.6.3"
    mongodb "6.7.0"
    mpath "0.9.0"
    mquery "5.0.0"
    ms "2.1.3"
    sift "17.1.3"

monocle@1.1.51:
  version "1.1.51"
  resolved "https://registry.npmjs.org/monocle/-/monocle-1.1.51.tgz"
  dependencies:
    readdirp "~0.2.3"

morgan@~1.0.0:
  version "1.0.1"
  resolved "http://registry.npmjs.org/morgan/-/morgan-1.0.1.tgz"
  dependencies:
    bytes "0.3.0"

mpath@0.9.0:
  version "0.9.0"
  resolved "https://registry.npmjs.org/mpath/-/mpath-0.9.0.tgz"
  integrity sha512-ikJRQTk8hw5DEoFVxHG1Gn9T/xcjtdnOKIU1JTmGjZZlg9LST2mBLmcX3/ICIbgJydT2GOc15RnNy5mHmzfSew==

mquery@5.0.0:
  version "5.0.0"
  resolved "https://registry.npmjs.org/mquery/-/mquery-5.0.0.tgz"
  integrity sha512-iQMncpmEK8R8ncT8HJGsGc9Dsp8xcgYMVSbs5jgnm1lFHTZqMJTUWTDx1LBO8+mK3tPNZWFLBghQEIOULSTHZg==
  dependencies:
    debug "4.x"

ms@2.0.0:
  version "2.0.0"
  resolved "https://registry.npmjs.org/ms/-/ms-2.0.0.tgz"

ms@2.1.2:
  version "2.1.2"
  resolved "https://registry.npmjs.org/ms/-/ms-2.1.2.tgz"
  integrity sha512-sGkPx+VjMtmA6MX27oA4FBFELFCZZ4S4XqeGOXCv68tT+jb3vk/RyaKWP0PTKyWtmLSM0b+adUTEvbs1PEaH2w==

ms@2.1.3:
  version "2.1.3"
  resolved "https://registry.npmjs.org/ms/-/ms-2.1.3.tgz"
  integrity sha512-6FlzubTLZG3J2a/NVCAleEhjzq5oxgHyaCU9yYXvcLsvoVaHJq/s5xXI6/XXP6tz7R9xAOtHnSO/tXtF3WRTlA==

negotiator@0.6.1:
  version "0.6.1"
  resolved "https://registry.npmjs.org/negotiator/-/negotiator-0.6.1.tgz"

nice-try@^1.0.4:
  version "1.0.5"
  resolved "https://registry.npmjs.org/nice-try/-/nice-try-1.0.5.tgz"

node-dev@^3.1.3:
  version "3.1.3"
  resolved "https://registry.npmjs.org/node-dev/-/node-dev-3.1.3.tgz"
  dependencies:
    dateformat "~1.0.4-1.2.3"
    dynamic-dedupe "^0.2.0"
    filewatcher "~3.0.0"
    minimist "^1.1.3"
    node-notifier "^4.0.2"
    resolve "^1.0.0"

node-emoji@^1.4.1:
  version "1.8.1"
  resolved "https://registry.npmjs.org/node-emoji/-/node-emoji-1.8.1.tgz"
  dependencies:
    lodash.toarray "^4.4.0"

node-notifier@^4.0.2:
  version "4.6.1"
  resolved "https://registry.npmjs.org/node-notifier/-/node-notifier-4.6.1.tgz"
  dependencies:
    cli-usage "^0.1.1"
    growly "^1.2.0"
    lodash.clonedeep "^3.0.0"
    minimist "^1.1.1"
    semver "^5.1.0"
    shellwords "^0.1.0"
    which "^1.0.5"

noop6@^1.0.1:
  version "1.0.7"
  resolved "https://registry.npmjs.org/noop6/-/noop6-1.0.7.tgz"

normalize-package-data@^2.3.2, normalize-package-data@^2.3.4:
  version "2.4.0"
  resolved "https://registry.npmjs.org/normalize-package-data/-/normalize-package-data-2.4.0.tgz"
  dependencies:
    hosted-git-info "^2.1.4"
    is-builtin-module "^1.0.0"
    semver "2 || 3 || 4 || 5"
    validate-npm-package-license "^3.0.1"

number-is-nan@^1.0.0:
  version "1.0.1"
  resolved "https://registry.npmjs.org/number-is-nan/-/number-is-nan-1.0.1.tgz"

object-assign@^4, object-assign@^4.0.1:
  version "4.1.1"
  resolved "https://registry.npmjs.org/object-assign/-/object-assign-4.1.1.tgz"

object-keys@~0.2.0:
  version "0.2.0"
  resolved "https://registry.npmjs.org/object-keys/-/object-keys-0.2.0.tgz"
  dependencies:
    foreach "~2.0.1"
    indexof "~0.0.1"
    is "~0.2.6"

on-finished@~2.3.0:
  version "2.3.0"
  resolved "https://registry.npmjs.org/on-finished/-/on-finished-2.3.0.tgz"
  dependencies:
    ee-first "1.1.1"

optimist@~0.3.5:
  version "0.3.7"
  resolved "https://registry.npmjs.org/optimist/-/optimist-0.3.7.tgz"
  dependencies:
    wordwrap "~0.0.2"

parse-json@^2.2.0:
  version "2.2.0"
  resolved "https://registry.npmjs.org/parse-json/-/parse-json-2.2.0.tgz"
  dependencies:
    error-ex "^1.2.0"

parseurl@~1.3.2:
  version "1.3.2"
  resolved "https://registry.npmjs.org/parseurl/-/parseurl-1.3.2.tgz"

path-exists@^2.0.0:
  version "2.1.0"
  resolved "https://registry.npmjs.org/path-exists/-/path-exists-2.1.0.tgz"
  dependencies:
    pinkie-promise "^2.0.0"

path-key@^2.0.1:
  version "2.0.1"
  resolved "https://registry.npmjs.org/path-key/-/path-key-2.0.1.tgz"

path-parse@^1.0.5:
  version "1.0.6"
  resolved "https://registry.npmjs.org/path-parse/-/path-parse-1.0.6.tgz"

path-to-regexp@0.1.7:
  version "0.1.7"
  resolved "https://registry.npmjs.org/path-to-regexp/-/path-to-regexp-0.1.7.tgz"

path-type@^1.0.0:
  version "1.1.0"
  resolved "https://registry.npmjs.org/path-type/-/path-type-1.1.0.tgz"
  dependencies:
    graceful-fs "^4.1.2"
    pify "^2.0.0"
    pinkie-promise "^2.0.0"

pify@^2.0.0:
  version "2.3.0"
  resolved "https://registry.npmjs.org/pify/-/pify-2.3.0.tgz"

pinkie-promise@^2.0.0:
  version "2.0.1"
  resolved "https://registry.npmjs.org/pinkie-promise/-/pinkie-promise-2.0.1.tgz"
  dependencies:
    pinkie "^2.0.0"

pinkie@^2.0.0:
  version "2.0.4"
  resolved "https://registry.npmjs.org/pinkie/-/pinkie-2.0.4.tgz"

promise@~2.0:
  version "2.0.0"
  resolved "https://registry.npmjs.org/promise/-/promise-2.0.0.tgz"
  dependencies:
    is-promise "~1"

proxy-addr@~2.0.3:
  version "2.0.4"
  resolved "https://registry.npmjs.org/proxy-addr/-/proxy-addr-2.0.4.tgz"
  dependencies:
    forwarded "~0.1.2"
    ipaddr.js "1.8.0"

punycode@^2.3.0:
  version "2.3.1"
  resolved "https://registry.npmjs.org/punycode/-/punycode-2.3.1.tgz"
  integrity sha512-vYt7UD1U9Wg6138shLtLOvdAu+8DsC/ilFtEVHcH+wydcSpNE20AfSOduf6MkRFahL5FY7X1oU7nKVZFtfq8Fg==

qs@6.5.1:
  version "6.5.1"
  resolved "https://registry.npmjs.org/qs/-/qs-6.5.1.tgz"

qs@~0.6.6:
  version "0.6.6"
  resolved "https://registry.npmjs.org/qs/-/qs-0.6.6.tgz"

range-parser@~1.2.0:
  version "1.2.0"
  resolved "https://registry.npmjs.org/range-parser/-/range-parser-1.2.0.tgz"

raw-body@2.3.2:
  version "2.3.2"
  resolved "https://registry.npmjs.org/raw-body/-/raw-body-2.3.2.tgz"
  dependencies:
    bytes "3.0.0"
    http-errors "1.6.2"
    iconv-lite "0.4.19"
    unpipe "1.0.0"

raw-body@~1.1.2:
  version "1.1.7"
  resolved "https://registry.npmjs.org/raw-body/-/raw-body-1.1.7.tgz"
  dependencies:
    bytes "1"
    string_decoder "0.10"

read-pkg-up@^1.0.1:
  version "1.0.1"
  resolved "https://registry.npmjs.org/read-pkg-up/-/read-pkg-up-1.0.1.tgz"
  dependencies:
    find-up "^1.0.0"
    read-pkg "^1.0.0"

read-pkg@^1.0.0:
  version "1.1.0"
  resolved "https://registry.npmjs.org/read-pkg/-/read-pkg-1.1.0.tgz"
  dependencies:
    load-json-file "^1.0.0"
    normalize-package-data "^2.3.2"
    path-type "^1.0.0"

readdirp@~0.2.3:
  version "0.2.5"
  resolved "https://registry.npmjs.org/readdirp/-/readdirp-0.2.5.tgz"
  dependencies:
    minimatch ">=0.2.4"

redent@^1.0.0:
  version "1.0.0"
  resolved "https://registry.npmjs.org/redent/-/redent-1.0.0.tgz"
  dependencies:
    indent-string "^2.1.0"
    strip-indent "^1.0.1"

redeyed@~2.1.0:
  version "2.1.1"
  resolved "https://registry.npmjs.org/redeyed/-/redeyed-2.1.1.tgz"
  dependencies:
    esprima "~4.0.0"

repeating@^2.0.0:
  version "2.0.1"
  resolved "https://registry.npmjs.org/repeating/-/repeating-2.0.1.tgz"
  dependencies:
    is-finite "^1.0.0"

resolve@^1.0.0:
  version "1.8.1"
  resolved "https://registry.npmjs.org/resolve/-/resolve-1.8.1.tgz"
  dependencies:
    path-parse "^1.0.5"

safe-buffer@5.1.1:
  version "5.1.1"
  resolved "https://registry.npmjs.org/safe-buffer/-/safe-buffer-5.1.1.tgz"

"semver@2 || 3 || 4 || 5", semver@^5.1.0, semver@^5.5.0:
  version "5.5.1"
  resolved "https://registry.npmjs.org/semver/-/semver-5.5.1.tgz"

send@0.16.2:
  version "0.16.2"
  resolved "https://registry.npmjs.org/send/-/send-0.16.2.tgz"
  dependencies:
    debug "2.6.9"
    depd "~1.1.2"
    destroy "~1.0.4"
    encodeurl "~1.0.2"
    escape-html "~1.0.3"
    etag "~1.8.1"
    fresh "0.5.2"
    http-errors "~1.6.2"
    mime "1.4.1"
    ms "2.0.0"
    on-finished "~2.3.0"
    range-parser "~1.2.0"
    statuses "~1.4.0"

serve-static@1.13.2:
  version "1.13.2"
  resolved "https://registry.npmjs.org/serve-static/-/serve-static-1.13.2.tgz"
  dependencies:
    encodeurl "~1.0.2"
    escape-html "~1.0.3"
    parseurl "~1.3.2"
    send "0.16.2"

setprototypeof@1.0.3:
  version "1.0.3"
  resolved "https://registry.npmjs.org/setprototypeof/-/setprototypeof-1.0.3.tgz"

setprototypeof@1.1.0:
  version "1.1.0"
  resolved "https://registry.npmjs.org/setprototypeof/-/setprototypeof-1.1.0.tgz"

shebang-command@^1.2.0:
  version "1.2.0"
  resolved "https://registry.npmjs.org/shebang-command/-/shebang-command-1.2.0.tgz"
  dependencies:
    shebang-regex "^1.0.0"

shebang-regex@^1.0.0:
  version "1.0.0"
  resolved "https://registry.npmjs.org/shebang-regex/-/shebang-regex-1.0.0.tgz"

shellwords@^0.1.0:
  version "0.1.1"
  resolved "https://registry.npmjs.org/shellwords/-/shellwords-0.1.1.tgz"

sift@17.1.3:
  version "17.1.3"
  resolved "https://registry.npmjs.org/sift/-/sift-17.1.3.tgz"
  integrity sha512-Rtlj66/b0ICeFzYTuNvX/EF1igRbbnGSvEyT79McoZa/DeGhMyC5pWKOEsZKnpkqtSeovd5FL/bjHWC3CIIvCQ==

signal-exit@^3.0.0:
  version "3.0.2"
  resolved "https://registry.npmjs.org/signal-exit/-/signal-exit-3.0.2.tgz"

source-map@0.1.34, source-map@~0.1.7:
  version "0.1.34"
  resolved "https://registry.npmjs.org/source-map/-/source-map-0.1.34.tgz"
  dependencies:
    amdefine ">=0.0.4"

sparse-bitfield@^3.0.3:
  version "3.0.3"
  resolved "https://registry.npmjs.org/sparse-bitfield/-/sparse-bitfield-3.0.3.tgz"
  integrity sha512-kvzhi7vqKTfkh0PZU+2D2PIllw2ymqJKujUcyPMd9Y75Nv4nPbGJZXNhxsgdQab2BmlDct1YnfQCguEvHr7VsQ==
  dependencies:
    memory-pager "^1.0.2"

spdx-correct@^3.0.0:
  version "3.0.0"
  resolved "https://registry.npmjs.org/spdx-correct/-/spdx-correct-3.0.0.tgz"
  dependencies:
    spdx-expression-parse "^3.0.0"
    spdx-license-ids "^3.0.0"

spdx-exceptions@^2.1.0:
  version "2.1.0"
  resolved "https://registry.npmjs.org/spdx-exceptions/-/spdx-exceptions-2.1.0.tgz"

spdx-expression-parse@^3.0.0:
  version "3.0.0"
  resolved "https://registry.npmjs.org/spdx-expression-parse/-/spdx-expression-parse-3.0.0.tgz"
  dependencies:
    spdx-exceptions "^2.1.0"
    spdx-license-ids "^3.0.0"

spdx-license-ids@^3.0.0:
  version "3.0.1"
  resolved "https://registry.npmjs.org/spdx-license-ids/-/spdx-license-ids-3.0.1.tgz"

static-favicon@~1.0.0:
  version "1.0.2"
  resolved "https://registry.npmjs.org/static-favicon/-/static-favicon-1.0.2.tgz"

"statuses@>= 1.3.1 < 2", "statuses@>= 1.4.0 < 2", statuses@~1.4.0:
  version "1.4.0"
  resolved "https://registry.npmjs.org/statuses/-/statuses-1.4.0.tgz"

string_decoder@0.10:
  version "0.10.31"
  resolved "https://registry.npmjs.org/string_decoder/-/string_decoder-0.10.31.tgz"

strip-bom@^2.0.0:
  version "2.0.0"
  resolved "https://registry.npmjs.org/strip-bom/-/strip-bom-2.0.0.tgz"
  dependencies:
    is-utf8 "^0.2.0"

strip-indent@^1.0.1:
  version "1.0.1"
  resolved "https://registry.npmjs.org/strip-indent/-/strip-indent-1.0.1.tgz"
  dependencies:
    get-stdin "^4.0.1"

supports-color@^5.3.0:
  version "5.5.0"
  resolved "https://registry.npmjs.org/supports-color/-/supports-color-5.5.0.tgz"
  dependencies:
    has-flag "^3.0.0"

tr46@^4.1.1:
  version "4.1.1"
  resolved "https://registry.npmjs.org/tr46/-/tr46-4.1.1.tgz"
  integrity sha512-2lv/66T7e5yNyhAAC4NaKe5nVavzuGJQVVtRYLyQ2OI8tsJ61PMLlelehb0wi2Hx6+hT/OJUWZcw8MjlSRnxvw==
  dependencies:
    punycode "^2.3.0"

transformers@2.1.0:
  version "2.1.0"
  resolved "https://registry.npmjs.org/transformers/-/transformers-2.1.0.tgz"
  dependencies:
    css "~1.0.8"
    promise "~2.0"
    uglify-js "~2.2.5"

trim-newlines@^1.0.0:
  version "1.0.0"
  resolved "https://registry.npmjs.org/trim-newlines/-/trim-newlines-1.0.0.tgz"

type-is@~1.1.0:
  version "1.1.0"
  resolved "https://registry.npmjs.org/type-is/-/type-is-1.1.0.tgz"
  dependencies:
    mime "~1.2.11"

type-is@~1.6.15, type-is@~1.6.16:
  version "1.6.16"
  resolved "https://registry.npmjs.org/type-is/-/type-is-1.6.16.tgz"
  dependencies:
    media-typer "0.3.0"
    mime-types "~2.1.18"

typpy@^2.3.10:
  version "2.3.10"
  resolved "https://registry.npmjs.org/typpy/-/typpy-2.3.10.tgz"
  dependencies:
    function.name "^1.0.3"

uglify-js@~2.2.5:
  version "2.2.5"
  resolved "http://registry.npmjs.org/uglify-js/-/uglify-js-2.2.5.tgz"
  dependencies:
    optimist "~0.3.5"
    source-map "~0.1.7"

uglify-js@~2.4.0, uglify-js@~2.4.12:
  version "2.4.24"
  resolved "http://registry.npmjs.org/uglify-js/-/uglify-js-2.4.24.tgz"
  dependencies:
    async "~0.2.6"
    source-map "0.1.34"
    uglify-to-browserify "~1.0.0"
    yargs "~3.5.4"

uglify-to-browserify@~1.0.0:
  version "1.0.2"
  resolved "https://registry.npmjs.org/uglify-to-browserify/-/uglify-to-browserify-1.0.2.tgz"

unpipe@1.0.0, unpipe@~1.0.0:
  version "1.0.0"
  resolved "https://registry.npmjs.org/unpipe/-/unpipe-1.0.0.tgz"

utils-merge@1.0.1:
  version "1.0.1"
  resolved "https://registry.npmjs.org/utils-merge/-/utils-merge-1.0.1.tgz"

validate-npm-package-license@^3.0.1:
  version "3.0.4"
  resolved "https://registry.npmjs.org/validate-npm-package-license/-/validate-npm-package-license-3.0.4.tgz"
  dependencies:
    spdx-correct "^3.0.0"
    spdx-expression-parse "^3.0.0"

vary@^1, vary@~1.1.2:
  version "1.1.2"
  resolved "https://registry.npmjs.org/vary/-/vary-1.1.2.tgz"

webidl-conversions@^7.0.0:
  version "7.0.0"
  resolved "https://registry.npmjs.org/webidl-conversions/-/webidl-conversions-7.0.0.tgz"
  integrity sha512-VwddBukDzu71offAQR975unBIGqfKZpM+8ZX6ySk8nYhVoo5CYaZyzt3YBvYtRtO+aoGlqxPg/B87NGVZ/fu6g==

whatwg-url@^13.0.0:
  version "13.0.0"
  resolved "https://registry.npmjs.org/whatwg-url/-/whatwg-url-13.0.0.tgz"
  integrity sha512-9WWbymnqj57+XEuqADHrCJ2eSXzn8WXIW/YSGaZtb2WKAInQ6CHfaUUcTyyver0p8BDg5StLQq8h1vtZuwmOig==
  dependencies:
    tr46 "^4.1.1"
    webidl-conversions "^7.0.0"

which@^1.0.5, which@^1.2.9:
  version "1.3.1"
  resolved "https://registry.npmjs.org/which/-/which-1.3.1.tgz"
  dependencies:
    isexe "^2.0.0"

window-size@0.1.0:
  version "0.1.0"
  resolved "https://registry.npmjs.org/window-size/-/window-size-0.1.0.tgz"

with@~3.0.0:
  version "3.0.1"
  resolved "https://registry.npmjs.org/with/-/with-3.0.1.tgz"
  dependencies:
    uglify-js "~2.4.12"

wordwrap@0.0.2, wordwrap@~0.0.2:
  version "0.0.2"
  resolved "https://registry.npmjs.org/wordwrap/-/wordwrap-0.0.2.tgz"

xtend@~2.0.6:
  version "2.0.6"
  resolved "https://registry.npmjs.org/xtend/-/xtend-2.0.6.tgz"
  dependencies:
    is-object "~0.1.2"
    object-keys "~0.2.0"

yargs@~3.5.4:
  version "3.5.4"
  resolved "http://registry.npmjs.org/yargs/-/yargs-3.5.4.tgz"
  dependencies:
    camelcase "^1.0.2"
    decamelize "^1.0.0"
    window-size "0.1.0"
    wordwrap "0.0.2"
